// !$*UTF8*$!
{
	archiveVersion = 1;
	classes = {
	};
	objectVersion = 45;
	objects = {

/* Begin PBXBuildFile section */
		BC1972AB15D549B300F21929 /* Genotype.h in Headers */ = {isa = PBXBuildFile; fileRef = BC1972A915D549B300F21929 /* Genotype.h */; };
		BC1972AC15D549B300F21929 /* Genotype.cpp in Sources */ = {isa = PBXBuildFile; fileRef = BC1972AA15D549B300F21929 /* Genotype.cpp */; };
		BC19738B15D8B0E400F21929 /* DNAOperation.cpp in Sources */ = {isa = PBXBuildFile; fileRef = BC19738915D8B0E400F21929 /* DNAOperation.cpp */; };
		BC19738C15D8B0E400F21929 /* DNAOperation.h in Headers */ = {isa = PBXBuildFile; fileRef = BC19738A15D8B0E400F21929 /* DNAOperation.h */; };
		BC6FC51315D997CC0094FEF1 /* SequenceOperation.h in Headers */ = {isa = PBXBuildFile; fileRef = BC6FC51115D997CC0094FEF1 /* SequenceOperation.h */; };
		BC6FC51415D997CC0094FEF1 /* SequenceOperation.cpp in Sources */ = {isa = PBXBuildFile; fileRef = BC6FC51215D997CC0094FEF1 /* SequenceOperation.cpp */; };
		BC94885E155D8D40001DDF87 /* Operation.h in Headers */ = {isa = PBXBuildFile; fileRef = BC94885D155D8D40001DDF87 /* Operation.h */; };
		BC948860155D8D79001DDF87 /* OperationHeap.h in Headers */ = {isa = PBXBuildFile; fileRef = BC94885F155D8D79001DDF87 /* OperationHeap.h */; };
		BC948875155D9ABA001DDF87 /* OperationHeap.cpp in Sources */ = {isa = PBXBuildFile; fileRef = BC948874155D9ABA001DDF87 /* OperationHeap.cpp */; };
		BC948878155D9B01001DDF87 /* CompressionPolicy.h in Headers */ = {isa = PBXBuildFile; fileRef = BC948876155D9B01001DDF87 /* CompressionPolicy.h */; };
		BC948879155D9B01001DDF87 /* CompressionPolicy.cpp in Sources */ = {isa = PBXBuildFile; fileRef = BC948877155D9B01001DDF87 /* CompressionPolicy.cpp */; };
		BC948888155D9CD2001DDF87 /* Operation.cpp in Sources */ = {isa = PBXBuildFile; fileRef = BC948887155D9CD2001DDF87 /* Operation.cpp */; };
		BC9488D7155DA4A7001DDF87 /* GreedyLoad.h in Headers */ = {isa = PBXBuildFile; fileRef = BC9488D5155DA4A7001DDF87 /* GreedyLoad.h */; };
		BC9488D8155DA4A7001DDF87 /* GreedyLoad.cpp in Sources */ = {isa = PBXBuildFile; fileRef = BC9488D6155DA4A7001DDF87 /* GreedyLoad.cpp */; };
/* End PBXBuildFile section */

/* Begin PBXFileReference section */
		5073E0C609E734A800EC74B6 /* GPPGProj.xcconfig */ = {isa = PBXFileReference; fileEncoding = 30; lastKnownFileType = text.xcconfig; path = GPPGProj.xcconfig; sourceTree = "<group>"; };
		5073E0C709E734A800EC74B6 /* GPPGTarget.xcconfig */ = {isa = PBXFileReference; fileEncoding = 30; lastKnownFileType = text.xcconfig; path = GPPGTarget.xcconfig; sourceTree = "<group>"; };
		BC1972A915D549B300F21929 /* Genotype.h */ = {isa = PBXFileReference; fileEncoding = 4; lastKnownFileType = sourcecode.c.h; name = Genotype.h; path = Base/Genotype.h; sourceTree = "<group>"; };
		BC1972AA15D549B300F21929 /* Genotype.cpp */ = {isa = PBXFileReference; fileEncoding = 4; lastKnownFileType = sourcecode.cpp.cpp; name = Genotype.cpp; path = Base/Genotype.cpp; sourceTree = "<group>"; };
		BC19738915D8B0E400F21929 /* DNAOperation.cpp */ = {isa = PBXFileReference; fileEncoding = 4; lastKnownFileType = sourcecode.cpp.cpp; name = DNAOperation.cpp; path = Model/DNA/DNAOperation.cpp; sourceTree = "<group>"; };
		BC19738A15D8B0E400F21929 /* DNAOperation.h */ = {isa = PBXFileReference; fileEncoding = 4; lastKnownFileType = sourcecode.c.h; name = DNAOperation.h; path = Model/DNA/DNAOperation.h; sourceTree = "<group>"; };
		BC6FC51115D997CC0094FEF1 /* SequenceOperation.h */ = {isa = PBXFileReference; fileEncoding = 4; lastKnownFileType = sourcecode.c.h; name = SequenceOperation.h; path = Model/SequenceOperation.h; sourceTree = "<group>"; };
		BC6FC51215D997CC0094FEF1 /* SequenceOperation.cpp */ = {isa = PBXFileReference; fileEncoding = 4; lastKnownFileType = sourcecode.cpp.cpp; name = SequenceOperation.cpp; path = Model/SequenceOperation.cpp; sourceTree = "<group>"; };
		BC94885D155D8D40001DDF87 /* Operation.h */ = {isa = PBXFileReference; fileEncoding = 4; lastKnownFileType = sourcecode.c.h; name = Operation.h; path = Operation/Operation.h; sourceTree = "<group>"; };
		BC94885F155D8D79001DDF87 /* OperationHeap.h */ = {isa = PBXFileReference; fileEncoding = 4; lastKnownFileType = sourcecode.c.h; name = OperationHeap.h; path = Operation/OperationHeap.h; sourceTree = "<group>"; };
		BC948874155D9ABA001DDF87 /* OperationHeap.cpp */ = {isa = PBXFileReference; fileEncoding = 4; lastKnownFileType = sourcecode.cpp.cpp; name = OperationHeap.cpp; path = Operation/OperationHeap.cpp; sourceTree = "<group>"; };
		BC948876155D9B01001DDF87 /* CompressionPolicy.h */ = {isa = PBXFileReference; fileEncoding = 4; lastKnownFileType = sourcecode.c.h; name = CompressionPolicy.h; path = Operation/CompressionPolicy.h; sourceTree = "<group>"; };
		BC948877155D9B01001DDF87 /* CompressionPolicy.cpp */ = {isa = PBXFileReference; fileEncoding = 4; lastKnownFileType = sourcecode.cpp.cpp; name = CompressionPolicy.cpp; path = Operation/CompressionPolicy.cpp; sourceTree = "<group>"; };
		BC948887155D9CD2001DDF87 /* Operation.cpp */ = {isa = PBXFileReference; fileEncoding = 4; lastKnownFileType = sourcecode.cpp.cpp; name = Operation.cpp; path = Operation/Operation.cpp; sourceTree = "<group>"; };
		BC9488D5155DA4A7001DDF87 /* GreedyLoad.h */ = {isa = PBXFileReference; fileEncoding = 4; lastKnownFileType = sourcecode.c.h; name = GreedyLoad.h; path = Operation/GreedyLoad.h; sourceTree = "<group>"; };
		BC9488D6155DA4A7001DDF87 /* GreedyLoad.cpp */ = {isa = PBXFileReference; fileEncoding = 4; lastKnownFileType = sourcecode.cpp.cpp; name = GreedyLoad.cpp; path = Operation/GreedyLoad.cpp; sourceTree = "<group>"; };
		BC9489991561F870001DDF87 /* main.cpp */ = {isa = PBXFileReference; fileEncoding = 4; lastKnownFileType = sourcecode.cpp.cpp; name = main.cpp; path = Demo/main.cpp; sourceTree = "<group>"; };
		D2AAC09D05546B4700DB518D /* libGPPG.dylib */ = {isa = PBXFileReference; explicitFileType = "compiled.mach-o.dylib"; includeInIndex = 0; path = libGPPG.dylib; sourceTree = BUILT_PRODUCTS_DIR; };
/* End PBXFileReference section */

/* Begin PBXFrameworksBuildPhase section */
		D2AAC09B05546B4700DB518D /* Frameworks */ = {
			isa = PBXFrameworksBuildPhase;
			buildActionMask = 2147483647;
			files = (
			);
			runOnlyForDeploymentPostprocessing = 0;
		};
/* End PBXFrameworksBuildPhase section */

/* Begin PBXGroup section */
		034768DDFF38A45A11DB9C8B /* Products */ = {
			isa = PBXGroup;
			children = (
				D2AAC09D05546B4700DB518D /* libGPPG.dylib */,
			);
			name = Products;
			sourceTree = "<group>";
		};
		0867D691FE84028FC02AAC07 /* GPPG */ = {
			isa = PBXGroup;
			children = (
				5073E0CA09E734BC00EC74B6 /* Configuration Files */,
				08FB77ACFE841707C02AAC07 /* Source */,
				0867D69AFE84028FC02AAC07 /* External Frameworks and Libraries */,
				034768DDFF38A45A11DB9C8B /* Products */,
			);
			name = GPPG;
			sourceTree = "<group>";
		};
		0867D69AFE84028FC02AAC07 /* External Frameworks and Libraries */ = {
			isa = PBXGroup;
			children = (
			);
			name = "External Frameworks and Libraries";
			sourceTree = "<group>";
		};
		08FB77ACFE841707C02AAC07 /* Source */ = {
			isa = PBXGroup;
			children = (
				BC19730215D56E4100F21929 /* Model */,
				BC1972A815D5496900F21929 /* Base */,
				BC9489971561F83D001DDF87 /* Demo */,
				BC94885C155D8D1F001DDF87 /* Operation */,
			);
			name = Source;
			sourceTree = "<group>";
		};
		5073E0CA09E734BC00EC74B6 /* Configuration Files */ = {
			isa = PBXGroup;
			children = (
				5073E0C609E734A800EC74B6 /* GPPGProj.xcconfig */,
				5073E0C709E734A800EC74B6 /* GPPGTarget.xcconfig */,
			);
			name = "Configuration Files";
			sourceTree = "<group>";
		};
		BC1972A815D5496900F21929 /* Base */ = {
			isa = PBXGroup;
			children = (
				BC1972A915D549B300F21929 /* Genotype.h */,
				BC1972AA15D549B300F21929 /* Genotype.cpp */,
			);
			name = Base;
			sourceTree = "<group>";
		};
		BC19730215D56E4100F21929 /* Model */ = {
			isa = PBXGroup;
			children = (
				BC6FC51015D997AF0094FEF1 /* Sequence */,
				BC19730315D56E6700F21929 /* DNA */,
			);
			name = Model;
			sourceTree = "<group>";
		};
		BC19730315D56E6700F21929 /* DNA */ = {
			isa = PBXGroup;
			children = (
				BC19738915D8B0E400F21929 /* DNAOperation.cpp */,
				BC19738A15D8B0E400F21929 /* DNAOperation.h */,
			);
			name = DNA;
			sourceTree = "<group>";
		};
		BC6FC51015D997AF0094FEF1 /* Sequence */ = {
			isa = PBXGroup;
			children = (
				BC6FC51115D997CC0094FEF1 /* SequenceOperation.h */,
				BC6FC51215D997CC0094FEF1 /* SequenceOperation.cpp */,
			);
			name = Sequence;
			sourceTree = "<group>";
		};
		BC94885C155D8D1F001DDF87 /* Operation */ = {
			isa = PBXGroup;
			children = (
				BC94885D155D8D40001DDF87 /* Operation.h */,
				BC94885F155D8D79001DDF87 /* OperationHeap.h */,
				BC948874155D9ABA001DDF87 /* OperationHeap.cpp */,
				BC948876155D9B01001DDF87 /* CompressionPolicy.h */,
				BC948877155D9B01001DDF87 /* CompressionPolicy.cpp */,
				BC948887155D9CD2001DDF87 /* Operation.cpp */,
				BC9488D5155DA4A7001DDF87 /* GreedyLoad.h */,
				BC9488D6155DA4A7001DDF87 /* GreedyLoad.cpp */,
			);
			name = Operation;
			sourceTree = "<group>";
		};
		BC9489971561F83D001DDF87 /* Demo */ = {
			isa = PBXGroup;
			children = (
				BC9489991561F870001DDF87 /* main.cpp */,
			);
			name = Demo;
			sourceTree = "<group>";
		};
/* End PBXGroup section */

/* Begin PBXHeadersBuildPhase section */
		D2AAC09905546B4700DB518D /* Headers */ = {
			isa = PBXHeadersBuildPhase;
			buildActionMask = 2147483647;
			files = (
				BC94885E155D8D40001DDF87 /* Operation.h in Headers */,
				BC948860155D8D79001DDF87 /* OperationHeap.h in Headers */,
				BC948878155D9B01001DDF87 /* CompressionPolicy.h in Headers */,
				BC9488D7155DA4A7001DDF87 /* GreedyLoad.h in Headers */,
				BC1972AB15D549B300F21929 /* Genotype.h in Headers */,
				BC19738C15D8B0E400F21929 /* DNAOperation.h in Headers */,
				BC6FC51315D997CC0094FEF1 /* SequenceOperation.h in Headers */,
			);
			runOnlyForDeploymentPostprocessing = 0;
		};
/* End PBXHeadersBuildPhase section */

/* Begin PBXNativeTarget section */
		D2AAC09C05546B4700DB518D /* GPPG */ = {
			isa = PBXNativeTarget;
			buildConfigurationList = 1DEB916008733D950010E9CD /* Build configuration list for PBXNativeTarget "GPPG" */;
			buildPhases = (
				D2AAC09905546B4700DB518D /* Headers */,
				D2AAC09B05546B4700DB518D /* Frameworks */,
				D2AAC09A05546B4700DB518D /* Sources */,
			);
			buildRules = (
			);
			dependencies = (
			);
			name = GPPG;
			productName = libGPPG;
			productReference = D2AAC09D05546B4700DB518D /* libGPPG.dylib */;
			productType = "com.apple.product-type.library.dynamic";
		};
/* End PBXNativeTarget section */

/* Begin PBXProject section */
		0867D690FE84028FC02AAC07 /* Project object */ = {
			isa = PBXProject;
			attributes = {
				BuildIndependentTargetsInParallel = YES;
			};
			buildConfigurationList = 1DEB916408733D950010E9CD /* Build configuration list for PBXProject "GPPG" */;
			compatibilityVersion = "Xcode 3.1";
			developmentRegion = English;
			hasScannedForEncodings = 1;
			knownRegions = (
				English,
				Japanese,
				French,
				German,
			);
			mainGroup = 0867D691FE84028FC02AAC07 /* GPPG */;
			productRefGroup = 034768DDFF38A45A11DB9C8B /* Products */;
			projectDirPath = "";
			projectRoot = "";
			targets = (
				D2AAC09C05546B4700DB518D /* GPPG */,
			);
		};
/* End PBXProject section */

/* Begin PBXSourcesBuildPhase section */
		D2AAC09A05546B4700DB518D /* Sources */ = {
			isa = PBXSourcesBuildPhase;
			buildActionMask = 2147483647;
			files = (
				BC948875155D9ABA001DDF87 /* OperationHeap.cpp in Sources */,
				BC948879155D9B01001DDF87 /* CompressionPolicy.cpp in Sources */,
				BC948888155D9CD2001DDF87 /* Operation.cpp in Sources */,
				BC9488D8155DA4A7001DDF87 /* GreedyLoad.cpp in Sources */,
				BC1972AC15D549B300F21929 /* Genotype.cpp in Sources */,
				BC19738B15D8B0E400F21929 /* DNAOperation.cpp in Sources */,
				BC6FC51415D997CC0094FEF1 /* SequenceOperation.cpp in Sources */,
			);
			runOnlyForDeploymentPostprocessing = 0;
		};
/* End PBXSourcesBuildPhase section */

/* Begin XCBuildConfiguration section */
		1DEB916108733D950010E9CD /* Debug */ = {
			isa = XCBuildConfiguration;
			baseConfigurationReference = 5073E0C709E734A800EC74B6 /* GPPGTarget.xcconfig */;
			buildSettings = {
				ALWAYS_SEARCH_USER_PATHS = NO;
				COPY_PHASE_STRIP = NO;
				GCC_DYNAMIC_NO_PIC = NO;
				GCC_ENABLE_FIX_AND_CONTINUE = YES;
				GCC_MODEL_TUNING = G5;
				GCC_OPTIMIZATION_LEVEL = 0;
				GCC_PRECOMPILE_PREFIX_HEADER = YES;
				GCC_PREFIX_HEADER = GPPG_Prefix.pch;
			};
			name = Debug;
		};
		1DEB916208733D950010E9CD /* Release */ = {
			isa = XCBuildConfiguration;
			baseConfigurationReference = 5073E0C709E734A800EC74B6 /* GPPGTarget.xcconfig */;
			buildSettings = {
				ALWAYS_SEARCH_USER_PATHS = NO;
				DEBUG_INFORMATION_FORMAT = "dwarf-with-dsym";
				GCC_MODEL_TUNING = G5;
				GCC_PRECOMPILE_PREFIX_HEADER = YES;
				GCC_PREFIX_HEADER = GPPG_Prefix.pch;
				STRIP_INSTALLED_PRODUCT = YES;
				STRIP_STYLE = "non-global";
			};
			name = Release;
		};
		1DEB916508733D950010E9CD /* Debug */ = {
			isa = XCBuildConfiguration;
			baseConfigurationReference = 5073E0C609E734A800EC74B6 /* GPPGProj.xcconfig */;
			buildSettings = {
				ARCHS = "$(ARCHS_STANDARD_64_BIT)";
				DEAD_CODE_STRIPPING = NO;
				GCC_C_LANGUAGE_STANDARD = gnu99;
				GCC_OPTIMIZATION_LEVEL = 0;
				GCC_VERSION = "";
				GCC_WARN_ABOUT_RETURN_TYPE = YES;
				GCC_WARN_NON_VIRTUAL_DESTRUCTOR = YES;
				GCC_WARN_UNUSED_VARIABLE = YES;
				GENERATE_MASTER_OBJECT_FILE = NO;
				GENERATE_PROFILING_CODE = NO;
				KEEP_PRIVATE_EXTERNS = NO;
				LD_GENERATE_MAP_FILE = NO;
				LINKER_DISPLAYS_MANGLED_NAMES = NO;
				MACH_O_TYPE = mh_dylib;
				ONLY_ACTIVE_ARCH = YES;
				PREBINDING = NO;
				PRESERVE_DEAD_CODE_INITS_AND_TERMS = NO;
				SDKROOT = macosx10.6;
				SEPARATE_SYMBOL_EDIT = NO;
				STANDARD_C_PLUS_PLUS_LIBRARY_TYPE = dynamic;
				VALID_ARCHS = "i386 x86_64";
			};
			name = Debug;
		};
		1DEB916608733D950010E9CD /* Release */ = {
			isa = XCBuildConfiguration;
			baseConfigurationReference = 5073E0C609E734A800EC74B6 /* GPPGProj.xcconfig */;
			buildSettings = {
				ARCHS = "$(ARCHS_STANDARD_32_64_BIT)";
				GCC_C_LANGUAGE_STANDARD = gnu99;
				GCC_WARN_ABOUT_RETURN_TYPE = YES;
				GCC_WARN_UNUSED_VARIABLE = YES;
				PREBINDING = NO;
				SDKROOT = macosx10.6;
			};
			name = Release;
		};
/* End XCBuildConfiguration section */

/* Begin XCConfigurationList section */
		1DEB916008733D950010E9CD /* Build configuration list for PBXNativeTarget "GPPG" */ = {
			isa = XCConfigurationList;
			buildConfigurations = (
				1DEB916108733D950010E9CD /* Debug */,
				1DEB916208733D950010E9CD /* Release */,
			);
			defaultConfigurationIsVisible = 0;
			defaultConfigurationName = Release;
		};
		1DEB916408733D950010E9CD /* Build configuration list for PBXProject "GPPG" */ = {
			isa = XCConfigurationList;
			buildConfigurations = (
				1DEB916508733D950010E9CD /* Debug */,
				1DEB916608733D950010E9CD /* Release */,
			);
			defaultConfigurationIsVisible = 0;
			defaultConfigurationName = Release;
		};
/* End XCConfigurationList section */
	};
	rootObject = 0867D690FE84028FC02AAC07 /* Project object */;
}
